
Microsoft Visual Studio Solution File, Format Version 12.00
# Visual Studio Version 16
VisualStudioVersion = 16.0.30309.148
MinimumVisualStudioVersion = 10.0.40219.1
Project("{9A19103F-16F7-4668-BE54-9A1E7A4F7556}") = "Agendamento", "Agendamento\Agendamento.csproj", "{B20927A7-22E8-4FFE-9FA1-5023A0C692F8}"
EndProject
Project("{9A19103F-16F7-4668-BE54-9A1E7A4F7556}") = "Agendamento.Dominio", "Agendamento.Dominio\Agendamento.Dominio.csproj", "{5E5FB889-59DC-4A5D-A54E-752F0713A12A}"
EndProject
Project("{9A19103F-16F7-4668-BE54-9A1E7A4F7556}") = "Agendamento.reposit", "Agendamento.reposit\Agendamento.reposit.csproj", "{2350AA60-9803-4032-9337-CF7468C7BCE6}"
EndProject
Global
	GlobalSection(SolutionConfigurationPlatforms) = preSolution
		Debug|Any CPU = Debug|Any CPU
		Release|Any CPU = Release|Any CPU
	EndGlobalSection
	GlobalSection(ProjectConfigurationPlatforms) = postSolution
		{B20927A7-22E8-4FFE-9FA1-5023A0C692F8}.Debug|Any CPU.ActiveCfg = Debug|Any CPU
		{B20927A7-22E8-4FFE-9FA1-5023A0C692F8}.Debug|Any CPU.Build.0 = Debug|Any CPU
		{B20927A7-22E8-4FFE-9FA1-5023A0C692F8}.Release|Any CPU.ActiveCfg = Release|Any CPU
		{B20927A7-22E8-4FFE-9FA1-5023A0C692F8}.Release|Any CPU.Build.0 = Release|Any CPU
		{5E5FB889-59DC-4A5D-A54E-752F0713A12A}.Debug|Any CPU.ActiveCfg = Debug|Any CPU
		{5E5FB889-59DC-4A5D-A54E-752F0713A12A}.Debug|Any CPU.Build.0 = Debug|Any CPU
		{5E5FB889-59DC-4A5D-A54E-752F0713A12A}.Release|Any CPU.ActiveCfg = Release|Any CPU
		{5E5FB889-59DC-4A5D-A54E-752F0713A12A}.Release|Any CPU.Build.0 = Release|Any CPU
		{2350AA60-9803-4032-9337-CF7468C7BCE6}.Debug|Any CPU.ActiveCfg = Debug|Any CPU
		{2350AA60-9803-4032-9337-CF7468C7BCE6}.Debug|Any CPU.Build.0 = Debug|Any CPU
		{2350AA60-9803-4032-9337-CF7468C7BCE6}.Release|Any CPU.ActiveCfg = Release|Any CPU
		{2350AA60-9803-4032-9337-CF7468C7BCE6}.Release|Any CPU.Build.0 = Release|Any CPU
	EndGlobalSection
	GlobalSection(SolutionProperties) = preSolution
		HideSolutionNode = FALSE
	EndGlobalSection
	GlobalSection(ExtensibilityGlobals) = postSolution
		SolutionGuid = {DFF4EC12-45C5-4C60-BC6B-360AE88AF929}
	EndGlobalSection
EndGlobal
